
Microsoft Visual Studio Solution File, Format Version 12.00
# Visual Studio Version 16
VisualStudioVersion = 16.0.31515.178
MinimumVisualStudioVersion = 10.0.40219.1
Project("{9A19103F-16F7-4668-BE54-9A1E7A4F7556}") = "FacturaElectronica", "FacturaElectronica\FacturaElectronica.csproj", "{748BB23D-84F2-4A65-8911-C9083437D75E}"
EndProject
Project("{9A19103F-16F7-4668-BE54-9A1E7A4F7556}") = "Models", "Models\Models.csproj", "{C778EA18-794A-4FF9-8B5A-D7F7DFAF79D9}"
EndProject
Project("{FAE04EC0-301F-11D3-BF4B-00C04F79EFBC}") = "Multiplo", "Multiplo\Multiplo.csproj", "{2CCBD459-A5CC-4406-B1F9-53836B53AD55}"
EndProject
Global
	GlobalSection(SolutionConfigurationPlatforms) = preSolution
		Debug|Any CPU = Debug|Any CPU
		Release|Any CPU = Release|Any CPU
	EndGlobalSection
	GlobalSection(ProjectConfigurationPlatforms) = postSolution
		{748BB23D-84F2-4A65-8911-C9083437D75E}.Debug|Any CPU.ActiveCfg = Debug|Any CPU
		{748BB23D-84F2-4A65-8911-C9083437D75E}.Debug|Any CPU.Build.0 = Debug|Any CPU
		{748BB23D-84F2-4A65-8911-C9083437D75E}.Release|Any CPU.ActiveCfg = Release|Any CPU
		{748BB23D-84F2-4A65-8911-C9083437D75E}.Release|Any CPU.Build.0 = Release|Any CPU
		{C778EA18-794A-4FF9-8B5A-D7F7DFAF79D9}.Debug|Any CPU.ActiveCfg = Debug|Any CPU
		{C778EA18-794A-4FF9-8B5A-D7F7DFAF79D9}.Debug|Any CPU.Build.0 = Debug|Any CPU
		{C778EA18-794A-4FF9-8B5A-D7F7DFAF79D9}.Release|Any CPU.ActiveCfg = Release|Any CPU
		{C778EA18-794A-4FF9-8B5A-D7F7DFAF79D9}.Release|Any CPU.Build.0 = Release|Any CPU
		{2CCBD459-A5CC-4406-B1F9-53836B53AD55}.Debug|Any CPU.ActiveCfg = Debug|Any CPU
		{2CCBD459-A5CC-4406-B1F9-53836B53AD55}.Debug|Any CPU.Build.0 = Debug|Any CPU
		{2CCBD459-A5CC-4406-B1F9-53836B53AD55}.Release|Any CPU.ActiveCfg = Release|Any CPU
		{2CCBD459-A5CC-4406-B1F9-53836B53AD55}.Release|Any CPU.Build.0 = Release|Any CPU
	EndGlobalSection
	GlobalSection(SolutionProperties) = preSolution
		HideSolutionNode = FALSE
	EndGlobalSection
	GlobalSection(ExtensibilityGlobals) = postSolution
		SolutionGuid = {6F684324-17C9-463E-A994-6463C7BB9838}
	EndGlobalSection
EndGlobal
